Microsoft Visual Studio Solution File, Format Version 12.00
# Visual Studio Version 16
VisualStudioVersion = 16.0.30320.27
MinimumVisualStudioVersion = 10.0.40219.1
Project("{9A19103F-16F7-4668-BE54-9A1E7A4F7556}") = "HungryPizzaAPI", "HungryPizzaAPI\HungryPizzaAPI.csproj", "{9C4A1242-2298-4AB5-844F-C1B804FCEFD2}"
EndProject
Project("{FAE04EC0-301F-11D3-BF4B-00C04F79EFBC}") = "HungryPizzaAPI_Testes", "HungryPizzaAPI_Testes\HungryPizzaAPI_Testes.csproj", "{9FD50997-96CB-49A5-9004-C635FDC91E5F}"
EndProject
Global
	GlobalSection(SolutionConfigurationPlatforms) = preSolution
		Debug|Any CPU = Debug|Any CPU
		Release|Any CPU = Release|Any CPU
	EndGlobalSection
	GlobalSection(ProjectConfigurationPlatforms) = postSolution
		{9C4A1242-2298-4AB5-844F-C1B804FCEFD2}.Debug|Any CPU.ActiveCfg = Debug|Any CPU
		{9C4A1242-2298-4AB5-844F-C1B804FCEFD2}.Debug|Any CPU.Build.0 = Debug|Any CPU
		{9C4A1242-2298-4AB5-844F-C1B804FCEFD2}.Release|Any CPU.ActiveCfg = Release|Any CPU
		{9C4A1242-2298-4AB5-844F-C1B804FCEFD2}.Release|Any CPU.Build.0 = Release|Any CPU
		{9FD50997-96CB-49A5-9004-C635FDC91E5F}.Debug|Any CPU.ActiveCfg = Debug|Any CPU
		{9FD50997-96CB-49A5-9004-C635FDC91E5F}.Debug|Any CPU.Build.0 = Debug|Any CPU
		{9FD50997-96CB-49A5-9004-C635FDC91E5F}.Release|Any CPU.ActiveCfg = Release|Any CPU
		{9FD50997-96CB-49A5-9004-C635FDC91E5F}.Release|Any CPU.Build.0 = Release|Any CPU
	EndGlobalSection
	GlobalSection(SolutionProperties) = preSolution
		HideSolutionNode = FALSE
	EndGlobalSection
	GlobalSection(ExtensibilityGlobals) = postSolution
		SolutionGuid = {4A9A6C6E-E622-4E42-BE02-1B4D3B367EBD}
	EndGlobalSection
EndGlobal
